
Microsoft Visual Studio Solution File, Format Version 12.00
# Visual Studio Version 17
VisualStudioVersion = 17.7.34202.233
MinimumVisualStudioVersion = 10.0.40219.1
Project("{888888A0-9F3D-457C-B088-3A5042F75D52}") = "CapstoneProject", "CapstoneProject.pyproj", "{81CCD84C-9277-44E1-A215-210AE1C51A2C}"
EndProject
Global
	GlobalSection(SolutionConfigurationPlatforms) = preSolution
		Debug|Any CPU = Debug|Any CPU
		Release|Any CPU = Release|Any CPU
	EndGlobalSection
	GlobalSection(ProjectConfigurationPlatforms) = postSolution
		{81CCD84C-9277-44E1-A215-210AE1C51A2C}.Debug|Any CPU.ActiveCfg = Debug|Any CPU
		{81CCD84C-9277-44E1-A215-210AE1C51A2C}.Release|Any CPU.ActiveCfg = Release|Any CPU
	EndGlobalSection
	GlobalSection(SolutionProperties) = preSolution
		HideSolutionNode = FALSE
	EndGlobalSection
	GlobalSection(ExtensibilityGlobals) = postSolution
		SolutionGuid = {3D0EE062-2CC1-4F8E-9EB7-343F1F5381B4}
	EndGlobalSection
EndGlobal
